
Microsoft Visual Studio Solution File, Format Version 12.00
# Visual Studio 14
VisualStudioVersion = 14.0.25123.0
MinimumVisualStudioVersion = 10.0.40219.1
Project("{FAE04EC0-301F-11D3-BF4B-00C04F79EFBC}") = "IdeaTrackr.Droid", "IdeaTrackr\IdeaTrackr.Droid\IdeaTrackr.Droid.csproj", "{565AE58B-420F-4CD3-AD83-9B90023CD5E6}"
EndProject
Project("{FAE04EC0-301F-11D3-BF4B-00C04F79EFBC}") = "IdeaTrackr.iOS", "IdeaTrackr\IdeaTrackr.iOS\IdeaTrackr.iOS.csproj", "{EA9E418F-9D8D-4BA1-B0DD-874E959D3CB6}"
EndProject
Project("{FAE04EC0-301F-11D3-BF4B-00C04F79EFBC}") = "IdeaTrackr.UWP", "IdeaTrackr\IdeaTrackr.UWP\IdeaTrackr.UWP.csproj", "{468BDB4B-D32C-4605-BEFC-E596FAFEB201}"
EndProject
Project("{FAE04EC0-301F-11D3-BF4B-00C04F79EFBC}") = "IdeaTrackr", "IdeaTrackr\IdeaTrackr\IdeaTrackr.csproj", "{F13A347C-C1CA-47AD-8275-3EB2205243C9}"
EndProject
Project("{8BB2217D-0F2D-49D1-97BC-3654ED321F3B}") = "IdeaTracker.Web", "IdeaTracker.Web\IdeaTracker.Web.xproj", "{B4605995-D793-4C19-83FC-1BA0FEE644BB}"
EndProject
Global
	GlobalSection(SolutionConfigurationPlatforms) = preSolution
		Ad-Hoc|Any CPU = Ad-Hoc|Any CPU
		Ad-Hoc|ARM = Ad-Hoc|ARM
		Ad-Hoc|iPhone = Ad-Hoc|iPhone
		Ad-Hoc|iPhoneSimulator = Ad-Hoc|iPhoneSimulator
		Ad-Hoc|x64 = Ad-Hoc|x64
		Ad-Hoc|x86 = Ad-Hoc|x86
		AppStore|Any CPU = AppStore|Any CPU
		AppStore|ARM = AppStore|ARM
		AppStore|iPhone = AppStore|iPhone
		AppStore|iPhoneSimulator = AppStore|iPhoneSimulator
		AppStore|x64 = AppStore|x64
		AppStore|x86 = AppStore|x86
		Debug|Any CPU = Debug|Any CPU
		Debug|ARM = Debug|ARM
		Debug|iPhone = Debug|iPhone
		Debug|iPhoneSimulator = Debug|iPhoneSimulator
		Debug|x64 = Debug|x64
		Debug|x86 = Debug|x86
		Release|Any CPU = Release|Any CPU
		Release|ARM = Release|ARM
		Release|iPhone = Release|iPhone
		Release|iPhoneSimulator = Release|iPhoneSimulator
		Release|x64 = Release|x64
		Release|x86 = Release|x86
	EndGlobalSection
	GlobalSection(ProjectConfigurationPlatforms) = postSolution
		{565AE58B-420F-4CD3-AD83-9B90023CD5E6}.Ad-Hoc|Any CPU.ActiveCfg = Release|Any CPU
		{565AE58B-420F-4CD3-AD83-9B90023CD5E6}.Ad-Hoc|Any CPU.Build.0 = Release|Any CPU
		{565AE58B-420F-4CD3-AD83-9B90023CD5E6}.Ad-Hoc|Any CPU.Deploy.0 = Release|Any CPU
		{565AE58B-420F-4CD3-AD83-9B90023CD5E6}.Ad-Hoc|ARM.ActiveCfg = Release|Any CPU
		{565AE58B-420F-4CD3-AD83-9B90023CD5E6}.Ad-Hoc|ARM.Build.0 = Release|Any CPU
		{565AE58B-420F-4CD3-AD83-9B90023CD5E6}.Ad-Hoc|ARM.Deploy.0 = Release|Any CPU
		{565AE58B-420F-4CD3-AD83-9B90023CD5E6}.Ad-Hoc|iPhone.ActiveCfg = Release|Any CPU
		{565AE58B-420F-4CD3-AD83-9B90023CD5E6}.Ad-Hoc|iPhone.Build.0 = Release|Any CPU
		{565AE58B-420F-4CD3-AD83-9B90023CD5E6}.Ad-Hoc|iPhone.Deploy.0 = Release|Any CPU
		{565AE58B-420F-4CD3-AD83-9B90023CD5E6}.Ad-Hoc|iPhoneSimulator.ActiveCfg = Release|Any CPU
		{565AE58B-420F-4CD3-AD83-9B90023CD5E6}.Ad-Hoc|iPhoneSimulator.Build.0 = Release|Any CPU
		{565AE58B-420F-4CD3-AD83-9B90023CD5E6}.Ad-Hoc|iPhoneSimulator.Deploy.0 = Release|Any CPU
		{565AE58B-420F-4CD3-AD83-9B90023CD5E6}.Ad-Hoc|x64.ActiveCfg = Release|Any CPU
		{565AE58B-420F-4CD3-AD83-9B90023CD5E6}.Ad-Hoc|x64.Build.0 = Release|Any CPU
		{565AE58B-420F-4CD3-AD83-9B90023CD5E6}.Ad-Hoc|x64.Deploy.0 = Release|Any CPU
		{565AE58B-420F-4CD3-AD83-9B90023CD5E6}.Ad-Hoc|x86.ActiveCfg = Release|Any CPU
		{565AE58B-420F-4CD3-AD83-9B90023CD5E6}.Ad-Hoc|x86.Build.0 = Release|Any CPU
		{565AE58B-420F-4CD3-AD83-9B90023CD5E6}.Ad-Hoc|x86.Deploy.0 = Release|Any CPU
		{565AE58B-420F-4CD3-AD83-9B90023CD5E6}.AppStore|Any CPU.ActiveCfg = Release|Any CPU
		{565AE58B-420F-4CD3-AD83-9B90023CD5E6}.AppStore|Any CPU.Build.0 = Release|Any CPU
		{565AE58B-420F-4CD3-AD83-9B90023CD5E6}.AppStore|Any CPU.Deploy.0 = Release|Any CPU
		{565AE58B-420F-4CD3-AD83-9B90023CD5E6}.AppStore|ARM.ActiveCfg = Release|Any CPU
		{565AE58B-420F-4CD3-AD83-9B90023CD5E6}.AppStore|ARM.Build.0 = Release|Any CPU
		{565AE58B-420F-4CD3-AD83-9B90023CD5E6}.AppStore|ARM.Deploy.0 = Release|Any CPU
		{565AE58B-420F-4CD3-AD83-9B90023CD5E6}.AppStore|iPhone.ActiveCfg = Release|Any CPU
		{565AE58B-420F-4CD3-AD83-9B90023CD5E6}.AppStore|iPhone.Build.0 = Release|Any CPU
		{565AE58B-420F-4CD3-AD83-9B90023CD5E6}.AppStore|iPhone.Deploy.0 = Release|Any CPU
		{565AE58B-420F-4CD3-AD83-9B90023CD5E6}.AppStore|iPhoneSimulator.ActiveCfg = Release|Any CPU
		{565AE58B-420F-4CD3-AD83-9B90023CD5E6}.AppStore|iPhoneSimulator.Build.0 = Release|Any CPU
		{565AE58B-420F-4CD3-AD83-9B90023CD5E6}.AppStore|iPhoneSimulator.Deploy.0 = Release|Any CPU
		{565AE58B-420F-4CD3-AD83-9B90023CD5E6}.AppStore|x64.ActiveCfg = Release|Any CPU
		{565AE58B-420F-4CD3-AD83-9B90023CD5E6}.AppStore|x64.Build.0 = Release|Any CPU
		{565AE58B-420F-4CD3-AD83-9B90023CD5E6}.AppStore|x64.Deploy.0 = Release|Any CPU
		{565AE58B-420F-4CD3-AD83-9B90023CD5E6}.AppStore|x86.ActiveCfg = Release|Any CPU
		{565AE58B-420F-4CD3-AD83-9B90023CD5E6}.AppStore|x86.Build.0 = Release|Any CPU
		{565AE58B-420F-4CD3-AD83-9B90023CD5E6}.AppStore|x86.Deploy.0 = Release|Any CPU
		{565AE58B-420F-4CD3-AD83-9B90023CD5E6}.Debug|Any CPU.ActiveCfg = Debug|Any CPU
		{565AE58B-420F-4CD3-AD83-9B90023CD5E6}.Debug|Any CPU.Build.0 = Debug|Any CPU
		{565AE58B-420F-4CD3-AD83-9B90023CD5E6}.Debug|Any CPU.Deploy.0 = Debug|Any CPU
		{565AE58B-420F-4CD3-AD83-9B90023CD5E6}.Debug|ARM.ActiveCfg = Debug|Any CPU
		{565AE58B-420F-4CD3-AD83-9B90023CD5E6}.Debug|ARM.Build.0 = Debug|Any CPU
		{565AE58B-420F-4CD3-AD83-9B90023CD5E6}.Debug|ARM.Deploy.0 = Debug|Any CPU
		{565AE58B-420F-4CD3-AD83-9B90023CD5E6}.Debug|iPhone.ActiveCfg = Debug|Any CPU
		{565AE58B-420F-4CD3-AD83-9B90023CD5E6}.Debug|iPhone.Build.0 = Debug|Any CPU
		{565AE58B-420F-4CD3-AD83-9B90023CD5E6}.Debug|iPhone.Deploy.0 = Debug|Any CPU
		{565AE58B-420F-4CD3-AD83-9B90023CD5E6}.Debug|iPhoneSimulator.ActiveCfg = Debug|Any CPU
		{565AE58B-420F-4CD3-AD83-9B90023CD5E6}.Debug|iPhoneSimulator.Build.0 = Debug|Any CPU
		{565AE58B-420F-4CD3-AD83-9B90023CD5E6}.Debug|iPhoneSimulator.Deploy.0 = Debug|Any CPU
		{565AE58B-420F-4CD3-AD83-9B90023CD5E6}.Debug|x64.ActiveCfg = Debug|Any CPU
		{565AE58B-420F-4CD3-AD83-9B90023CD5E6}.Debug|x64.Build.0 = Debug|Any CPU
		{565AE58B-420F-4CD3-AD83-9B90023CD5E6}.Debug|x64.Deploy.0 = Debug|Any CPU
		{565AE58B-420F-4CD3-AD83-9B90023CD5E6}.Debug|x86.ActiveCfg = Debug|Any CPU
		{565AE58B-420F-4CD3-AD83-9B90023CD5E6}.Debug|x86.Build.0 = Debug|Any CPU
		{565AE58B-420F-4CD3-AD83-9B90023CD5E6}.Debug|x86.Deploy.0 = Debug|Any CPU
		{565AE58B-420F-4CD3-AD83-9B90023CD5E6}.Release|Any CPU.ActiveCfg = Release|Any CPU
		{565AE58B-420F-4CD3-AD83-9B90023CD5E6}.Release|Any CPU.Build.0 = Release|Any CPU
		{565AE58B-420F-4CD3-AD83-9B90023CD5E6}.Release|Any CPU.Deploy.0 = Release|Any CPU
		{565AE58B-420F-4CD3-AD83-9B90023CD5E6}.Release|ARM.ActiveCfg = Release|Any CPU
		{565AE58B-420F-4CD3-AD83-9B90023CD5E6}.Release|ARM.Build.0 = Release|Any CPU
		{565AE58B-420F-4CD3-AD83-9B90023CD5E6}.Release|ARM.Deploy.0 = Release|Any CPU
		{565AE58B-420F-4CD3-AD83-9B90023CD5E6}.Release|iPhone.ActiveCfg = Release|Any CPU
		{565AE58B-420F-4CD3-AD83-9B90023CD5E6}.Release|iPhone.Build.0 = Release|Any CPU
		{565AE58B-420F-4CD3-AD83-9B90023CD5E6}.Release|iPhone.Deploy.0 = Release|Any CPU
		{565AE58B-420F-4CD3-AD83-9B90023CD5E6}.Release|iPhoneSimulator.ActiveCfg = Release|Any CPU
		{565AE58B-420F-4CD3-AD83-9B90023CD5E6}.Release|iPhoneSimulator.Build.0 = Release|Any CPU
		{565AE58B-420F-4CD3-AD83-9B90023CD5E6}.Release|iPhoneSimulator.Deploy.0 = Release|Any CPU
		{565AE58B-420F-4CD3-AD83-9B90023CD5E6}.Release|x64.ActiveCfg = Release|Any CPU
		{565AE58B-420F-4CD3-AD83-9B90023CD5E6}.Release|x64.Build.0 = Release|Any CPU
		{565AE58B-420F-4CD3-AD83-9B90023CD5E6}.Release|x64.Deploy.0 = Release|Any CPU
		{565AE58B-420F-4CD3-AD83-9B90023CD5E6}.Release|x86.ActiveCfg = Release|Any CPU
		{565AE58B-420F-4CD3-AD83-9B90023CD5E6}.Release|x86.Build.0 = Release|Any CPU
		{565AE58B-420F-4CD3-AD83-9B90023CD5E6}.Release|x86.Deploy.0 = Release|Any CPU
		{EA9E418F-9D8D-4BA1-B0DD-874E959D3CB6}.Ad-Hoc|Any CPU.ActiveCfg = Ad-Hoc|iPhone
		{EA9E418F-9D8D-4BA1-B0DD-874E959D3CB6}.Ad-Hoc|ARM.ActiveCfg = Ad-Hoc|iPhone
		{EA9E418F-9D8D-4BA1-B0DD-874E959D3CB6}.Ad-Hoc|iPhone.ActiveCfg = Ad-Hoc|iPhone
		{EA9E418F-9D8D-4BA1-B0DD-874E959D3CB6}.Ad-Hoc|iPhone.Build.0 = Ad-Hoc|iPhone
		{EA9E418F-9D8D-4BA1-B0DD-874E959D3CB6}.Ad-Hoc|iPhoneSimulator.ActiveCfg = Ad-Hoc|iPhoneSimulator
		{EA9E418F-9D8D-4BA1-B0DD-874E959D3CB6}.Ad-Hoc|iPhoneSimulator.Build.0 = Ad-Hoc|iPhoneSimulator
		{EA9E418F-9D8D-4BA1-B0DD-874E959D3CB6}.Ad-Hoc|x64.ActiveCfg = Ad-Hoc|iPhone
		{EA9E418F-9D8D-4BA1-B0DD-874E959D3CB6}.Ad-Hoc|x86.ActiveCfg = Ad-Hoc|iPhone
		{EA9E418F-9D8D-4BA1-B0DD-874E959D3CB6}.AppStore|Any CPU.ActiveCfg = AppStore|iPhone
		{EA9E418F-9D8D-4BA1-B0DD-874E959D3CB6}.AppStore|ARM.ActiveCfg = AppStore|iPhone
		{EA9E418F-9D8D-4BA1-B0DD-874E959D3CB6}.AppStore|iPhone.ActiveCfg = AppStore|iPhone
		{EA9E418F-9D8D-4BA1-B0DD-874E959D3CB6}.AppStore|iPhone.Build.0 = AppStore|iPhone
		{EA9E418F-9D8D-4BA1-B0DD-874E959D3CB6}.AppStore|iPhoneSimulator.ActiveCfg = AppStore|iPhoneSimulator
		{EA9E418F-9D8D-4BA1-B0DD-874E959D3CB6}.AppStore|iPhoneSimulator.Build.0 = AppStore|iPhoneSimulator
		{EA9E418F-9D8D-4BA1-B0DD-874E959D3CB6}.AppStore|x64.ActiveCfg = AppStore|iPhone
		{EA9E418F-9D8D-4BA1-B0DD-874E959D3CB6}.AppStore|x86.ActiveCfg = AppStore|iPhone
		{EA9E418F-9D8D-4BA1-B0DD-874E959D3CB6}.Debug|Any CPU.ActiveCfg = Debug|iPhone
		{EA9E418F-9D8D-4BA1-B0DD-874E959D3CB6}.Debug|ARM.ActiveCfg = Debug|iPhone
		{EA9E418F-9D8D-4BA1-B0DD-874E959D3CB6}.Debug|iPhone.ActiveCfg = Debug|iPhone
		{EA9E418F-9D8D-4BA1-B0DD-874E959D3CB6}.Debug|iPhone.Build.0 = Debug|iPhone
		{EA9E418F-9D8D-4BA1-B0DD-874E959D3CB6}.Debug|iPhoneSimulator.ActiveCfg = Debug|iPhoneSimulator
		{EA9E418F-9D8D-4BA1-B0DD-874E959D3CB6}.Debug|iPhoneSimulator.Build.0 = Debug|iPhoneSimulator
		{EA9E418F-9D8D-4BA1-B0DD-874E959D3CB6}.Debug|x64.ActiveCfg = Debug|iPhone
		{EA9E418F-9D8D-4BA1-B0DD-874E959D3CB6}.Debug|x86.ActiveCfg = Debug|iPhone
		{EA9E418F-9D8D-4BA1-B0DD-874E959D3CB6}.Release|Any CPU.ActiveCfg = Release|iPhone
		{EA9E418F-9D8D-4BA1-B0DD-874E959D3CB6}.Release|ARM.ActiveCfg = Release|iPhone
		{EA9E418F-9D8D-4BA1-B0DD-874E959D3CB6}.Release|iPhone.ActiveCfg = Release|iPhone
		{EA9E418F-9D8D-4BA1-B0DD-874E959D3CB6}.Release|iPhone.Build.0 = Release|iPhone
		{EA9E418F-9D8D-4BA1-B0DD-874E959D3CB6}.Release|iPhoneSimulator.ActiveCfg = Release|iPhoneSimulator
		{EA9E418F-9D8D-4BA1-B0DD-874E959D3CB6}.Release|iPhoneSimulator.Build.0 = Release|iPhoneSimulator
		{EA9E418F-9D8D-4BA1-B0DD-874E959D3CB6}.Release|x64.ActiveCfg = Release|iPhone
		{EA9E418F-9D8D-4BA1-B0DD-874E959D3CB6}.Release|x86.ActiveCfg = Release|iPhone
		{468BDB4B-D32C-4605-BEFC-E596FAFEB201}.Ad-Hoc|Any CPU.ActiveCfg = Release|x86
		{468BDB4B-D32C-4605-BEFC-E596FAFEB201}.Ad-Hoc|Any CPU.Build.0 = Release|x86
		{468BDB4B-D32C-4605-BEFC-E596FAFEB201}.Ad-Hoc|Any CPU.Deploy.0 = Release|x86
		{468BDB4B-D32C-4605-BEFC-E596FAFEB201}.Ad-Hoc|ARM.ActiveCfg = Release|ARM
		{468BDB4B-D32C-4605-BEFC-E596FAFEB201}.Ad-Hoc|ARM.Build.0 = Release|ARM
		{468BDB4B-D32C-4605-BEFC-E596FAFEB201}.Ad-Hoc|ARM.Deploy.0 = Release|ARM
		{468BDB4B-D32C-4605-BEFC-E596FAFEB201}.Ad-Hoc|iPhone.ActiveCfg = Release|x86
		{468BDB4B-D32C-4605-BEFC-E596FAFEB201}.Ad-Hoc|iPhone.Build.0 = Release|x86
		{468BDB4B-D32C-4605-BEFC-E596FAFEB201}.Ad-Hoc|iPhone.Deploy.0 = Release|x86
		{468BDB4B-D32C-4605-BEFC-E596FAFEB201}.Ad-Hoc|iPhoneSimulator.ActiveCfg = Release|x86
		{468BDB4B-D32C-4605-BEFC-E596FAFEB201}.Ad-Hoc|iPhoneSimulator.Build.0 = Release|x86
		{468BDB4B-D32C-4605-BEFC-E596FAFEB201}.Ad-Hoc|iPhoneSimulator.Deploy.0 = Release|x86
		{468BDB4B-D32C-4605-BEFC-E596FAFEB201}.Ad-Hoc|x64.ActiveCfg = Release|x64
		{468BDB4B-D32C-4605-BEFC-E596FAFEB201}.Ad-Hoc|x64.Build.0 = Release|x64
		{468BDB4B-D32C-4605-BEFC-E596FAFEB201}.Ad-Hoc|x64.Deploy.0 = Release|x64
		{468BDB4B-D32C-4605-BEFC-E596FAFEB201}.Ad-Hoc|x86.ActiveCfg = Release|x86
		{468BDB4B-D32C-4605-BEFC-E596FAFEB201}.Ad-Hoc|x86.Build.0 = Release|x86
		{468BDB4B-D32C-4605-BEFC-E596FAFEB201}.Ad-Hoc|x86.Deploy.0 = Release|x86
		{468BDB4B-D32C-4605-BEFC-E596FAFEB201}.AppStore|Any CPU.ActiveCfg = Release|x86
		{468BDB4B-D32C-4605-BEFC-E596FAFEB201}.AppStore|Any CPU.Build.0 = Release|x86
		{468BDB4B-D32C-4605-BEFC-E596FAFEB201}.AppStore|Any CPU.Deploy.0 = Release|x86
		{468BDB4B-D32C-4605-BEFC-E596FAFEB201}.AppStore|ARM.ActiveCfg = Release|ARM
		{468BDB4B-D32C-4605-BEFC-E596FAFEB201}.AppStore|ARM.Build.0 = Release|ARM
		{468BDB4B-D32C-4605-BEFC-E596FAFEB201}.AppStore|ARM.Deploy.0 = Release|ARM
		{468BDB4B-D32C-4605-BEFC-E596FAFEB201}.AppStore|iPhone.ActiveCfg = Release|x86
		{468BDB4B-D32C-4605-BEFC-E596FAFEB201}.AppStore|iPhone.Build.0 = Release|x86
		{468BDB4B-D32C-4605-BEFC-E596FAFEB201}.AppStore|iPhone.Deploy.0 = Release|x86
		{468BDB4B-D32C-4605-BEFC-E596FAFEB201}.AppStore|iPhoneSimulator.ActiveCfg = Release|x86
		{468BDB4B-D32C-4605-BEFC-E596FAFEB201}.AppStore|iPhoneSimulator.Build.0 = Release|x86
		{468BDB4B-D32C-4605-BEFC-E596FAFEB201}.AppStore|iPhoneSimulator.Deploy.0 = Release|x86
		{468BDB4B-D32C-4605-BEFC-E596FAFEB201}.AppStore|x64.ActiveCfg = Release|x64
		{468BDB4B-D32C-4605-BEFC-E596FAFEB201}.AppStore|x64.Build.0 = Release|x64
		{468BDB4B-D32C-4605-BEFC-E596FAFEB201}.AppStore|x64.Deploy.0 = Release|x64
		{468BDB4B-D32C-4605-BEFC-E596FAFEB201}.AppStore|x86.ActiveCfg = Release|x86
		{468BDB4B-D32C-4605-BEFC-E596FAFEB201}.AppStore|x86.Build.0 = Release|x86
		{468BDB4B-D32C-4605-BEFC-E596FAFEB201}.AppStore|x86.Deploy.0 = Release|x86
		{468BDB4B-D32C-4605-BEFC-E596FAFEB201}.Debug|Any CPU.ActiveCfg = Debug|x86
		{468BDB4B-D32C-4605-BEFC-E596FAFEB201}.Debug|ARM.ActiveCfg = Debug|ARM
		{468BDB4B-D32C-4605-BEFC-E596FAFEB201}.Debug|ARM.Build.0 = Debug|ARM
		{468BDB4B-D32C-4605-BEFC-E596FAFEB201}.Debug|ARM.Deploy.0 = Debug|ARM
		{468BDB4B-D32C-4605-BEFC-E596FAFEB201}.Debug|iPhone.ActiveCfg = Debug|x86
		{468BDB4B-D32C-4605-BEFC-E596FAFEB201}.Debug|iPhoneSimulator.ActiveCfg = Debug|x86
		{468BDB4B-D32C-4605-BEFC-E596FAFEB201}.Debug|x64.ActiveCfg = Debug|x64
		{468BDB4B-D32C-4605-BEFC-E596FAFEB201}.Debug|x64.Build.0 = Debug|x64
		{468BDB4B-D32C-4605-BEFC-E596FAFEB201}.Debug|x64.Deploy.0 = Debug|x64
		{468BDB4B-D32C-4605-BEFC-E596FAFEB201}.Debug|x86.ActiveCfg = Debug|x86
		{468BDB4B-D32C-4605-BEFC-E596FAFEB201}.Debug|x86.Build.0 = Debug|x86
		{468BDB4B-D32C-4605-BEFC-E596FAFEB201}.Debug|x86.Deploy.0 = Debug|x86
		{468BDB4B-D32C-4605-BEFC-E596FAFEB201}.Release|Any CPU.ActiveCfg = Release|x86
		{468BDB4B-D32C-4605-BEFC-E596FAFEB201}.Release|ARM.ActiveCfg = Release|ARM
		{468BDB4B-D32C-4605-BEFC-E596FAFEB201}.Release|ARM.Build.0 = Release|ARM
		{468BDB4B-D32C-4605-BEFC-E596FAFEB201}.Release|ARM.Deploy.0 = Release|ARM
		{468BDB4B-D32C-4605-BEFC-E596FAFEB201}.Release|iPhone.ActiveCfg = Release|x86
		{468BDB4B-D32C-4605-BEFC-E596FAFEB201}.Release|iPhoneSimulator.ActiveCfg = Release|x86
		{468BDB4B-D32C-4605-BEFC-E596FAFEB201}.Release|x64.ActiveCfg = Release|x64
		{468BDB4B-D32C-4605-BEFC-E596FAFEB201}.Release|x64.Build.0 = Release|x64
		{468BDB4B-D32C-4605-BEFC-E596FAFEB201}.Release|x64.Deploy.0 = Release|x64
		{468BDB4B-D32C-4605-BEFC-E596FAFEB201}.Release|x86.ActiveCfg = Release|x86
		{468BDB4B-D32C-4605-BEFC-E596FAFEB201}.Release|x86.Build.0 = Release|x86
		{468BDB4B-D32C-4605-BEFC-E596FAFEB201}.Release|x86.Deploy.0 = Release|x86
		{F13A347C-C1CA-47AD-8275-3EB2205243C9}.Ad-Hoc|Any CPU.ActiveCfg = Release|Any CPU
		{F13A347C-C1CA-47AD-8275-3EB2205243C9}.Ad-Hoc|Any CPU.Build.0 = Release|Any CPU
		{F13A347C-C1CA-47AD-8275-3EB2205243C9}.Ad-Hoc|ARM.ActiveCfg = Release|Any CPU
		{F13A347C-C1CA-47AD-8275-3EB2205243C9}.Ad-Hoc|ARM.Build.0 = Release|Any CPU
		{F13A347C-C1CA-47AD-8275-3EB2205243C9}.Ad-Hoc|iPhone.ActiveCfg = Release|Any CPU
		{F13A347C-C1CA-47AD-8275-3EB2205243C9}.Ad-Hoc|iPhone.Build.0 = Release|Any CPU
		{F13A347C-C1CA-47AD-8275-3EB2205243C9}.Ad-Hoc|iPhoneSimulator.ActiveCfg = Release|Any CPU
		{F13A347C-C1CA-47AD-8275-3EB2205243C9}.Ad-Hoc|iPhoneSimulator.Build.0 = Release|Any CPU
		{F13A347C-C1CA-47AD-8275-3EB2205243C9}.Ad-Hoc|x64.ActiveCfg = Release|Any CPU
		{F13A347C-C1CA-47AD-8275-3EB2205243C9}.Ad-Hoc|x64.Build.0 = Release|Any CPU
		{F13A347C-C1CA-47AD-8275-3EB2205243C9}.Ad-Hoc|x86.ActiveCfg = Release|Any CPU
		{F13A347C-C1CA-47AD-8275-3EB2205243C9}.Ad-Hoc|x86.Build.0 = Release|Any CPU
		{F13A347C-C1CA-47AD-8275-3EB2205243C9}.AppStore|Any CPU.ActiveCfg = Release|Any CPU
		{F13A347C-C1CA-47AD-8275-3EB2205243C9}.AppStore|Any CPU.Build.0 = Release|Any CPU
		{F13A347C-C1CA-47AD-8275-3EB2205243C9}.AppStore|ARM.ActiveCfg = Release|Any CPU
		{F13A347C-C1CA-47AD-8275-3EB2205243C9}.AppStore|ARM.Build.0 = Release|Any CPU
		{F13A347C-C1CA-47AD-8275-3EB2205243C9}.AppStore|iPhone.ActiveCfg = Release|Any CPU
		{F13A347C-C1CA-47AD-8275-3EB2205243C9}.AppStore|iPhone.Build.0 = Release|Any CPU
		{F13A347C-C1CA-47AD-8275-3EB2205243C9}.AppStore|iPhoneSimulator.ActiveCfg = Release|Any CPU
		{F13A347C-C1CA-47AD-8275-3EB2205243C9}.AppStore|iPhoneSimulator.Build.0 = Release|Any CPU
		{F13A347C-C1CA-47AD-8275-3EB2205243C9}.AppStore|x64.ActiveCfg = Release|Any CPU
		{F13A347C-C1CA-47AD-8275-3EB2205243C9}.AppStore|x64.Build.0 = Release|Any CPU
		{F13A347C-C1CA-47AD-8275-3EB2205243C9}.AppStore|x86.ActiveCfg = Release|Any CPU
		{F13A347C-C1CA-47AD-8275-3EB2205243C9}.AppStore|x86.Build.0 = Release|Any CPU
		{F13A347C-C1CA-47AD-8275-3EB2205243C9}.Debug|Any CPU.ActiveCfg = Debug|Any CPU
		{F13A347C-C1CA-47AD-8275-3EB2205243C9}.Debug|Any CPU.Build.0 = Debug|Any CPU
		{F13A347C-C1CA-47AD-8275-3EB2205243C9}.Debug|ARM.ActiveCfg = Debug|Any CPU
		{F13A347C-C1CA-47AD-8275-3EB2205243C9}.Debug|ARM.Build.0 = Debug|Any CPU
		{F13A347C-C1CA-47AD-8275-3EB2205243C9}.Debug|iPhone.ActiveCfg = Debug|Any CPU
		{F13A347C-C1CA-47AD-8275-3EB2205243C9}.Debug|iPhone.Build.0 = Debug|Any CPU
		{F13A347C-C1CA-47AD-8275-3EB2205243C9}.Debug|iPhoneSimulator.ActiveCfg = Debug|Any CPU
		{F13A347C-C1CA-47AD-8275-3EB2205243C9}.Debug|iPhoneSimulator.Build.0 = Debug|Any CPU
		{F13A347C-C1CA-47AD-8275-3EB2205243C9}.Debug|x64.ActiveCfg = Debug|Any CPU
		{F13A347C-C1CA-47AD-8275-3EB2205243C9}.Debug|x64.Build.0 = Debug|Any CPU
		{F13A347C-C1CA-47AD-8275-3EB2205243C9}.Debug|x86.ActiveCfg = Debug|Any CPU
		{F13A347C-C1CA-47AD-8275-3EB2205243C9}.Debug|x86.Build.0 = Debug|Any CPU
		{F13A347C-C1CA-47AD-8275-3EB2205243C9}.Release|Any CPU.ActiveCfg = Release|Any CPU
		{F13A347C-C1CA-47AD-8275-3EB2205243C9}.Release|Any CPU.Build.0 = Release|Any CPU
		{F13A347C-C1CA-47AD-8275-3EB2205243C9}.Release|ARM.ActiveCfg = Release|Any CPU
		{F13A347C-C1CA-47AD-8275-3EB2205243C9}.Release|ARM.Build.0 = Release|Any CPU
		{F13A347C-C1CA-47AD-8275-3EB2205243C9}.Release|iPhone.ActiveCfg = Release|Any CPU
		{F13A347C-C1CA-47AD-8275-3EB2205243C9}.Release|iPhone.Build.0 = Release|Any CPU
		{F13A347C-C1CA-47AD-8275-3EB2205243C9}.Release|iPhoneSimulator.ActiveCfg = Release|Any CPU
		{F13A347C-C1CA-47AD-8275-3EB2205243C9}.Release|iPhoneSimulator.Build.0 = Release|Any CPU
		{F13A347C-C1CA-47AD-8275-3EB2205243C9}.Release|x64.ActiveCfg = Release|Any CPU
		{F13A347C-C1CA-47AD-8275-3EB2205243C9}.Release|x64.Build.0 = Release|Any CPU
		{F13A347C-C1CA-47AD-8275-3EB2205243C9}.Release|x86.ActiveCfg = Release|Any CPU
		{F13A347C-C1CA-47AD-8275-3EB2205243C9}.Release|x86.Build.0 = Release|Any CPU
		{B4605995-D793-4C19-83FC-1BA0FEE644BB}.Ad-Hoc|Any CPU.ActiveCfg = Debug|Any CPU
		{B4605995-D793-4C19-83FC-1BA0FEE644BB}.Ad-Hoc|Any CPU.Build.0 = Debug|Any CPU
		{B4605995-D793-4C19-83FC-1BA0FEE644BB}.Ad-Hoc|ARM.ActiveCfg = Debug|Any CPU
		{B4605995-D793-4C19-83FC-1BA0FEE644BB}.Ad-Hoc|ARM.Build.0 = Debug|Any CPU
		{B4605995-D793-4C19-83FC-1BA0FEE644BB}.Ad-Hoc|iPhone.ActiveCfg = Debug|Any CPU
		{B4605995-D793-4C19-83FC-1BA0FEE644BB}.Ad-Hoc|iPhone.Build.0 = Debug|Any CPU
		{B4605995-D793-4C19-83FC-1BA0FEE644BB}.Ad-Hoc|iPhoneSimulator.ActiveCfg = Debug|Any CPU
		{B4605995-D793-4C19-83FC-1BA0FEE644BB}.Ad-Hoc|iPhoneSimulator.Build.0 = Debug|Any CPU
		{B4605995-D793-4C19-83FC-1BA0FEE644BB}.Ad-Hoc|x64.ActiveCfg = Debug|Any CPU
		{B4605995-D793-4C19-83FC-1BA0FEE644BB}.Ad-Hoc|x64.Build.0 = Debug|Any CPU
		{B4605995-D793-4C19-83FC-1BA0FEE644BB}.Ad-Hoc|x86.ActiveCfg = Debug|Any CPU
		{B4605995-D793-4C19-83FC-1BA0FEE644BB}.Ad-Hoc|x86.Build.0 = Debug|Any CPU
		{B4605995-D793-4C19-83FC-1BA0FEE644BB}.AppStore|Any CPU.ActiveCfg = Debug|Any CPU
		{B4605995-D793-4C19-83FC-1BA0FEE644BB}.AppStore|Any CPU.Build.0 = Debug|Any CPU
		{B4605995-D793-4C19-83FC-1BA0FEE644BB}.AppStore|ARM.ActiveCfg = Debug|Any CPU
		{B4605995-D793-4C19-83FC-1BA0FEE644BB}.AppStore|ARM.Build.0 = Debug|Any CPU
		{B4605995-D793-4C19-83FC-1BA0FEE644BB}.AppStore|iPhone.ActiveCfg = Debug|Any CPU
		{B4605995-D793-4C19-83FC-1BA0FEE644BB}.AppStore|iPhone.Build.0 = Debug|Any CPU
		{B4605995-D793-4C19-83FC-1BA0FEE644BB}.AppStore|iPhoneSimulator.ActiveCfg = Debug|Any CPU
		{B4605995-D793-4C19-83FC-1BA0FEE644BB}.AppStore|iPhoneSimulator.Build.0 = Debug|Any CPU
		{B4605995-D793-4C19-83FC-1BA0FEE644BB}.AppStore|x64.ActiveCfg = Debug|Any CPU
		{B4605995-D793-4C19-83FC-1BA0FEE644BB}.AppStore|x64.Build.0 = Debug|Any CPU
		{B4605995-D793-4C19-83FC-1BA0FEE644BB}.AppStore|x86.ActiveCfg = Debug|Any CPU
		{B4605995-D793-4C19-83FC-1BA0FEE644BB}.AppStore|x86.Build.0 = Debug|Any CPU
		{B4605995-D793-4C19-83FC-1BA0FEE644BB}.Debug|Any CPU.ActiveCfg = Debug|Any CPU
		{B4605995-D793-4C19-83FC-1BA0FEE644BB}.Debug|Any CPU.Build.0 = Debug|Any CPU
		{B4605995-D793-4C19-83FC-1BA0FEE644BB}.Debug|ARM.ActiveCfg = Debug|Any CPU
		{B4605995-D793-4C19-83FC-1BA0FEE644BB}.Debug|ARM.Build.0 = Debug|Any CPU
		{B4605995-D793-4C19-83FC-1BA0FEE644BB}.Debug|iPhone.ActiveCfg = Debug|Any CPU
		{B4605995-D793-4C19-83FC-1BA0FEE644BB}.Debug|iPhone.Build.0 = Debug|Any CPU
		{B4605995-D793-4C19-83FC-1BA0FEE644BB}.Debug|iPhoneSimulator.ActiveCfg = Debug|Any CPU
		{B4605995-D793-4C19-83FC-1BA0FEE644BB}.Debug|iPhoneSimulator.Build.0 = Debug|Any CPU
		{B4605995-D793-4C19-83FC-1BA0FEE644BB}.Debug|x64.ActiveCfg = Debug|Any CPU
		{B4605995-D793-4C19-83FC-1BA0FEE644BB}.Debug|x64.Build.0 = Debug|Any CPU
		{B4605995-D793-4C19-83FC-1BA0FEE644BB}.Debug|x86.ActiveCfg = Debug|Any CPU
		{B4605995-D793-4C19-83FC-1BA0FEE644BB}.Debug|x86.Build.0 = Debug|Any CPU
		{B4605995-D793-4C19-83FC-1BA0FEE644BB}.Release|Any CPU.ActiveCfg = Release|Any CPU
		{B4605995-D793-4C19-83FC-1BA0FEE644BB}.Release|Any CPU.Build.0 = Release|Any CPU
		{B4605995-D793-4C19-83FC-1BA0FEE644BB}.Release|ARM.ActiveCfg = Release|Any CPU
		{B4605995-D793-4C19-83FC-1BA0FEE644BB}.Release|ARM.Build.0 = Release|Any CPU
		{B4605995-D793-4C19-83FC-1BA0FEE644BB}.Release|iPhone.ActiveCfg = Release|Any CPU
		{B4605995-D793-4C19-83FC-1BA0FEE644BB}.Release|iPhone.Build.0 = Release|Any CPU
		{B4605995-D793-4C19-83FC-1BA0FEE644BB}.Release|iPhoneSimulator.ActiveCfg = Release|Any CPU
		{B4605995-D793-4C19-83FC-1BA0FEE644BB}.Release|iPhoneSimulator.Build.0 = Release|Any CPU
		{B4605995-D793-4C19-83FC-1BA0FEE644BB}.Release|x64.ActiveCfg = Release|Any CPU
		{B4605995-D793-4C19-83FC-1BA0FEE644BB}.Release|x64.Build.0 = Release|Any CPU
		{B4605995-D793-4C19-83FC-1BA0FEE644BB}.Release|x86.ActiveCfg = Release|Any CPU
		{B4605995-D793-4C19-83FC-1BA0FEE644BB}.Release|x86.Build.0 = Release|Any CPU
	EndGlobalSection
	GlobalSection(SolutionProperties) = preSolution
		HideSolutionNode = FALSE
	EndGlobalSection
EndGlobal
